
Microsoft Visual Studio Solution File, Format Version 10.00
# Visual Studio 2008
Project("{6989167D-11E4-40FE-8C1A-2192A86A7E90}") = "Rayleigh加速", "Rayleigh加速\Rayleigh加速.vfproj", "{1BB28FC2-F558-4325-9A55-7F2D5A796C01}"
EndProject
Global
	GlobalSection(SolutionConfigurationPlatforms) = preSolution
		Debug|Win32 = Debug|Win32
		Release|Win32 = Release|Win32
	EndGlobalSection
	GlobalSection(ProjectConfigurationPlatforms) = postSolution
		{1BB28FC2-F558-4325-9A55-7F2D5A796C01}.Debug|Win32.ActiveCfg = Debug|Win32
		{1BB28FC2-F558-4325-9A55-7F2D5A796C01}.Debug|Win32.Build.0 = Debug|Win32
		{1BB28FC2-F558-4325-9A55-7F2D5A796C01}.Release|Win32.ActiveCfg = Release|Win32
		{1BB28FC2-F558-4325-9A55-7F2D5A796C01}.Release|Win32.Build.0 = Release|Win32
	EndGlobalSection
	GlobalSection(SolutionProperties) = preSolution
		HideSolutionNode = FALSE
	EndGlobalSection
EndGlobal
