
Microsoft Visual Studio Solution File, Format Version 10.00
# Visual Studio 2008
Project("{6989167D-11E4-40FE-8C1A-2192A86A7E90}") = "Console1", "Console1\Console1.vfproj", "{C861F179-C29F-4C1E-B739-4447E1EEEE23}"
EndProject
Global
	GlobalSection(SolutionConfigurationPlatforms) = preSolution
		Debug|Win32 = Debug|Win32
		Release|Win32 = Release|Win32
	EndGlobalSection
	GlobalSection(ProjectConfigurationPlatforms) = postSolution
		{C861F179-C29F-4C1E-B739-4447E1EEEE23}.Debug|Win32.ActiveCfg = Debug|Win32
		{C861F179-C29F-4C1E-B739-4447E1EEEE23}.Debug|Win32.Build.0 = Debug|Win32
		{C861F179-C29F-4C1E-B739-4447E1EEEE23}.Release|Win32.ActiveCfg = Release|Win32
		{C861F179-C29F-4C1E-B739-4447E1EEEE23}.Release|Win32.Build.0 = Release|Win32
	EndGlobalSection
	GlobalSection(SolutionProperties) = preSolution
		HideSolutionNode = FALSE
	EndGlobalSection
EndGlobal
