
Microsoft Visual Studio Solution File, Format Version 10.00
# Visual Studio 2008
Project("{6989167D-11E4-40FE-8C1A-2192A86A7E90}") = "第二类B样条", "第二类B样条\第二类B样条.vfproj", "{B87FD39B-C80B-4F76-92FF-46338163B8C6}"
EndProject
Global
	GlobalSection(SolutionConfigurationPlatforms) = preSolution
		Debug|Win32 = Debug|Win32
		Release|Win32 = Release|Win32
	EndGlobalSection
	GlobalSection(ProjectConfigurationPlatforms) = postSolution
		{B87FD39B-C80B-4F76-92FF-46338163B8C6}.Debug|Win32.ActiveCfg = Debug|Win32
		{B87FD39B-C80B-4F76-92FF-46338163B8C6}.Debug|Win32.Build.0 = Debug|Win32
		{B87FD39B-C80B-4F76-92FF-46338163B8C6}.Release|Win32.ActiveCfg = Release|Win32
		{B87FD39B-C80B-4F76-92FF-46338163B8C6}.Release|Win32.Build.0 = Release|Win32
	EndGlobalSection
	GlobalSection(SolutionProperties) = preSolution
		HideSolutionNode = FALSE
	EndGlobalSection
EndGlobal
