
Microsoft Visual Studio Solution File, Format Version 10.00
# Visual Studio 2008
Project("{6989167D-11E4-40FE-8C1A-2192A86A7E90}") = "三次样条之周期边界条件", "三次样条之周期边界条件\三次样条之周期边界条件.vfproj", "{E54C05FC-3795-4AEE-A00C-14F5788B5DF6}"
EndProject
Global
	GlobalSection(SolutionConfigurationPlatforms) = preSolution
		Debug|Win32 = Debug|Win32
		Release|Win32 = Release|Win32
	EndGlobalSection
	GlobalSection(ProjectConfigurationPlatforms) = postSolution
		{E54C05FC-3795-4AEE-A00C-14F5788B5DF6}.Debug|Win32.ActiveCfg = Debug|Win32
		{E54C05FC-3795-4AEE-A00C-14F5788B5DF6}.Debug|Win32.Build.0 = Debug|Win32
		{E54C05FC-3795-4AEE-A00C-14F5788B5DF6}.Release|Win32.ActiveCfg = Release|Win32
		{E54C05FC-3795-4AEE-A00C-14F5788B5DF6}.Release|Win32.Build.0 = Release|Win32
	EndGlobalSection
	GlobalSection(SolutionProperties) = preSolution
		HideSolutionNode = FALSE
	EndGlobalSection
EndGlobal
