
Microsoft Visual Studio Solution File, Format Version 10.00
# Visual Studio 2008
Project("{6989167D-11E4-40FE-8C1A-2192A86A7E90}") = "Lag", "Lag\Lag.vfproj", "{D9AF2754-C686-4D4F-8685-994BE41722C8}"
EndProject
Global
	GlobalSection(SolutionConfigurationPlatforms) = preSolution
		Debug|Win32 = Debug|Win32
		Release|Win32 = Release|Win32
	EndGlobalSection
	GlobalSection(ProjectConfigurationPlatforms) = postSolution
		{D9AF2754-C686-4D4F-8685-994BE41722C8}.Debug|Win32.ActiveCfg = Debug|Win32
		{D9AF2754-C686-4D4F-8685-994BE41722C8}.Debug|Win32.Build.0 = Debug|Win32
		{D9AF2754-C686-4D4F-8685-994BE41722C8}.Release|Win32.ActiveCfg = Release|Win32
		{D9AF2754-C686-4D4F-8685-994BE41722C8}.Release|Win32.Build.0 = Release|Win32
	EndGlobalSection
	GlobalSection(SolutionProperties) = preSolution
		HideSolutionNode = FALSE
	EndGlobalSection
EndGlobal
