
Microsoft Visual Studio Solution File, Format Version 10.00
# Visual Studio 2008
Project("{6989167D-11E4-40FE-8C1A-2192A86A7E90}") = "第一类B样条", "第一类B样条\第一类B样条.vfproj", "{1B99EFDE-0C4D-44AA-A0AC-347A31795D15}"
EndProject
Global
	GlobalSection(SolutionConfigurationPlatforms) = preSolution
		Debug|Win32 = Debug|Win32
		Release|Win32 = Release|Win32
	EndGlobalSection
	GlobalSection(ProjectConfigurationPlatforms) = postSolution
		{1B99EFDE-0C4D-44AA-A0AC-347A31795D15}.Debug|Win32.ActiveCfg = Debug|Win32
		{1B99EFDE-0C4D-44AA-A0AC-347A31795D15}.Debug|Win32.Build.0 = Debug|Win32
		{1B99EFDE-0C4D-44AA-A0AC-347A31795D15}.Release|Win32.ActiveCfg = Release|Win32
		{1B99EFDE-0C4D-44AA-A0AC-347A31795D15}.Release|Win32.Build.0 = Release|Win32
	EndGlobalSection
	GlobalSection(SolutionProperties) = preSolution
		HideSolutionNode = FALSE
	EndGlobalSection
EndGlobal
