
Microsoft Visual Studio Solution File, Format Version 10.00
# Visual Studio 2008
Project("{6989167D-11E4-40FE-8C1A-2192A86A7E90}") = "Broyden1", "Broyden1\Broyden1.vfproj", "{9829A64E-5AEE-47C2-A7DE-D3C8FC708407}"
EndProject
Global
	GlobalSection(SolutionConfigurationPlatforms) = preSolution
		Debug|Win32 = Debug|Win32
		Release|Win32 = Release|Win32
	EndGlobalSection
	GlobalSection(ProjectConfigurationPlatforms) = postSolution
		{9829A64E-5AEE-47C2-A7DE-D3C8FC708407}.Debug|Win32.ActiveCfg = Debug|Win32
		{9829A64E-5AEE-47C2-A7DE-D3C8FC708407}.Debug|Win32.Build.0 = Debug|Win32
		{9829A64E-5AEE-47C2-A7DE-D3C8FC708407}.Release|Win32.ActiveCfg = Release|Win32
		{9829A64E-5AEE-47C2-A7DE-D3C8FC708407}.Release|Win32.Build.0 = Release|Win32
	EndGlobalSection
	GlobalSection(SolutionProperties) = preSolution
		HideSolutionNode = FALSE
	EndGlobalSection
EndGlobal
