
Microsoft Visual Studio Solution File, Format Version 10.00
# Visual Studio 2008
Project("{6989167D-11E4-40FE-8C1A-2192A86A7E90}") = "数值延拓", "数值延拓\数值延拓.vfproj", "{C084A071-2DCB-457B-B221-998F8D281D54}"
EndProject
Global
	GlobalSection(SolutionConfigurationPlatforms) = preSolution
		Debug|Win32 = Debug|Win32
		Release|Win32 = Release|Win32
	EndGlobalSection
	GlobalSection(ProjectConfigurationPlatforms) = postSolution
		{C084A071-2DCB-457B-B221-998F8D281D54}.Debug|Win32.ActiveCfg = Debug|Win32
		{C084A071-2DCB-457B-B221-998F8D281D54}.Debug|Win32.Build.0 = Debug|Win32
		{C084A071-2DCB-457B-B221-998F8D281D54}.Release|Win32.ActiveCfg = Release|Win32
		{C084A071-2DCB-457B-B221-998F8D281D54}.Release|Win32.Build.0 = Release|Win32
	EndGlobalSection
	GlobalSection(SolutionProperties) = preSolution
		HideSolutionNode = FALSE
	EndGlobalSection
EndGlobal
