
Microsoft Visual Studio Solution File, Format Version 10.00
# Visual Studio 2008
Project("{6989167D-11E4-40FE-8C1A-2192A86A7E90}") = "五点公式法", "五点公式法\五点公式法.vfproj", "{4462BDBE-B100-46C4-B16A-2339682E2F0B}"
EndProject
Global
	GlobalSection(SolutionConfigurationPlatforms) = preSolution
		Debug|Win32 = Debug|Win32
		Release|Win32 = Release|Win32
	EndGlobalSection
	GlobalSection(ProjectConfigurationPlatforms) = postSolution
		{4462BDBE-B100-46C4-B16A-2339682E2F0B}.Debug|Win32.ActiveCfg = Debug|Win32
		{4462BDBE-B100-46C4-B16A-2339682E2F0B}.Debug|Win32.Build.0 = Debug|Win32
		{4462BDBE-B100-46C4-B16A-2339682E2F0B}.Release|Win32.ActiveCfg = Release|Win32
		{4462BDBE-B100-46C4-B16A-2339682E2F0B}.Release|Win32.Build.0 = Release|Win32
	EndGlobalSection
	GlobalSection(SolutionProperties) = preSolution
		HideSolutionNode = FALSE
	EndGlobalSection
EndGlobal
